
Microsoft Visual Studio Solution File, Format Version 12.00
# Visual Studio Version 17
VisualStudioVersion = 17.0.31912.275
MinimumVisualStudioVersion = 10.0.40219.1
Project("{FAE04EC0-301F-11D3-BF4B-00C04F79EFBC}") = "MediatRTest", "MediatRTest\MediatRTest.csproj", "{B0898737-9CDE-4E7D-A9F2-2002A733CB2F}"
EndProject
Global
	GlobalSection(SolutionConfigurationPlatforms) = preSolution
		Debug|Any CPU = Debug|Any CPU
		Release|Any CPU = Release|Any CPU
	EndGlobalSection
	GlobalSection(ProjectConfigurationPlatforms) = postSolution
		{B0898737-9CDE-4E7D-A9F2-2002A733CB2F}.Debug|Any CPU.ActiveCfg = Debug|Any CPU
		{B0898737-9CDE-4E7D-A9F2-2002A733CB2F}.Debug|Any CPU.Build.0 = Debug|Any CPU
		{B0898737-9CDE-4E7D-A9F2-2002A733CB2F}.Release|Any CPU.ActiveCfg = Release|Any CPU
		{B0898737-9CDE-4E7D-A9F2-2002A733CB2F}.Release|Any CPU.Build.0 = Release|Any CPU
	EndGlobalSection
	GlobalSection(SolutionProperties) = preSolution
		HideSolutionNode = FALSE
	EndGlobalSection
	GlobalSection(ExtensibilityGlobals) = postSolution
		SolutionGuid = {FD4CA1BB-8C45-4BF1-B53F-139DE7336F64}
	EndGlobalSection
EndGlobal
